
Microsoft Visual Studio Solution File, Format Version 12.00
# Visual Studio 14
VisualStudioVersion = 14.0.25123.0
MinimumVisualStudioVersion = 10.0.40219.1
Project("{8BC9CEB8-8B4A-11D0-8D11-00A0C91BC942}") = "01.Task", "01.Task\01.Task.vcxproj", "{BE32BB63-190B-4FB7-BCBE-282A8AF2828D}"
EndProject
Project("{8BC9CEB8-8B4A-11D0-8D11-00A0C91BC942}") = "02.Task", "02.Task\02.Task.vcxproj", "{5F411B6A-F52D-48EB-A109-51610F5A52AB}"
EndProject
Global
	GlobalSection(SolutionConfigurationPlatforms) = preSolution
		Debug|x64 = Debug|x64
		Debug|x86 = Debug|x86
		Release|x64 = Release|x64
		Release|x86 = Release|x86
	EndGlobalSection
	GlobalSection(ProjectConfigurationPlatforms) = postSolution
		{BE32BB63-190B-4FB7-BCBE-282A8AF2828D}.Debug|x64.ActiveCfg = Debug|x64
		{BE32BB63-190B-4FB7-BCBE-282A8AF2828D}.Debug|x64.Build.0 = Debug|x64
		{BE32BB63-190B-4FB7-BCBE-282A8AF2828D}.Debug|x86.ActiveCfg = Debug|Win32
		{BE32BB63-190B-4FB7-BCBE-282A8AF2828D}.Debug|x86.Build.0 = Debug|Win32
		{BE32BB63-190B-4FB7-BCBE-282A8AF2828D}.Release|x64.ActiveCfg = Release|x64
		{BE32BB63-190B-4FB7-BCBE-282A8AF2828D}.Release|x64.Build.0 = Release|x64
		{BE32BB63-190B-4FB7-BCBE-282A8AF2828D}.Release|x86.ActiveCfg = Release|Win32
		{BE32BB63-190B-4FB7-BCBE-282A8AF2828D}.Release|x86.Build.0 = Release|Win32
		{5F411B6A-F52D-48EB-A109-51610F5A52AB}.Debug|x64.ActiveCfg = Debug|x64
		{5F411B6A-F52D-48EB-A109-51610F5A52AB}.Debug|x64.Build.0 = Debug|x64
		{5F411B6A-F52D-48EB-A109-51610F5A52AB}.Debug|x86.ActiveCfg = Debug|Win32
		{5F411B6A-F52D-48EB-A109-51610F5A52AB}.Debug|x86.Build.0 = Debug|Win32
		{5F411B6A-F52D-48EB-A109-51610F5A52AB}.Release|x64.ActiveCfg = Release|x64
		{5F411B6A-F52D-48EB-A109-51610F5A52AB}.Release|x64.Build.0 = Release|x64
		{5F411B6A-F52D-48EB-A109-51610F5A52AB}.Release|x86.ActiveCfg = Release|Win32
		{5F411B6A-F52D-48EB-A109-51610F5A52AB}.Release|x86.Build.0 = Release|Win32
	EndGlobalSection
	GlobalSection(SolutionProperties) = preSolution
		HideSolutionNode = FALSE
	EndGlobalSection
EndGlobal
